#MicroXplorer Configuration settings - do not modify
Mcu.Family=STM32F1
NVIC.SysTick_IRQn=true\:0\:0\:false\:false\:true\:false\:true
ProjectManager.LastFirmware=true
ProjectManager.MainLocation=Core/Src
ProjectManager.FirmwarePackage=STM32Cube FW_F1 V1.8.4
MxDb.Version=DB.6.0.10
ProjectManager.ProjectFileName=code.ioc
RCC.APB2Freq_Value=8000000
ProjectManager.BackupPrevious=false
MxCube.Version=6.1.1
ProjectManager.KeepUserCode=true
Mcu.UserName=STM32F103R6Tx
Mcu.PinsNb=4
ProjectManager.NoMain=false
File.Version=6
VP_SYS_VS_Systick.Mode=SysTick
VP_SYS_VS_ND.Signal=SYS_VS_ND
ADC1.IPParameters=Rank-3\#ChannelRegularConversion,master,Channel-3\#ChannelRegularConversion,SamplingTime-3\#ChannelRegularConversion,NbrOfConversionFlag
RCC.PLLCLKFreq_Value=8000000
NVIC.NonMaskableInt_IRQn=true\:0\:0\:false\:false\:true\:false\:false
NVIC.PendSV_IRQn=true\:0\:0\:false\:false\:true\:false\:false
ProjectManager.functionlistsort=1-MX_GPIO_Init-GPIO-false-HAL-true,2-SystemClock_Config-RCC-false-HAL-false,3-MX_I2C1_Init-I2C1-false-HAL-true,3-MX_ADC1_Init-ADC1-false-HAL-true,5-MX_USART1_UART_Init-USART1-false-HAL-true
PC0.GPIOParameters=PinState,GPIO_PuPd,GPIO_ModeDefaultOutputPP
ProjectManager.FreePins=false
PC0.GPIO_ModeDefaultOutputPP=GPIO_MODE_OUTPUT_PP
RCC.IPParameters=APB1Freq_Value,APB2Freq_Value,FamilyName,PLLCLKFreq_Value,PLLMCOFreq_Value,TimSysFreq_Value
ProjectManager.DefaultFWLocation=true
ProjectManager.AskForMigrate=true
Mcu.Name=STM32F103R(4-6)Tx
ProjectManager.HalAssertFull=false
ProjectManager.DeletePrevious=true
ProjectManager.ProjectName=code
ProjectManager.UnderRoot=false
PC0.Signal=GPIO_Output
VP_SYS_VS_ND.Mode=No_Debug
RCC.PLLMCOFreq_Value=4000000
ProjectManager.CoupleFile=true
PinOutPanel.RotationAngle=0
Mcu.Package=LQFP64
RCC.FamilyName=M
RCC.TimSysFreq_Value=8000000
ADC1.master=1
ProjectManager.StackSize=0x400
ADC1.Rank-3\#ChannelRegularConversion=1
ADC1.SamplingTime-3\#ChannelRegularConversion=ADC_SAMPLETIME_1CYCLE_5
NVIC.ForceEnableDMAVector=true
KeepUserPlacement=false
NVIC.MemoryManagement_IRQn=true\:0\:0\:false\:false\:true\:false\:false
ProjectManager.CompilerOptimize=6
NVIC.SVCall_IRQn=true\:0\:0\:false\:false\:true\:false\:false
Mcu.IP2=RCC
ProjectManager.ToolChainLocation=
Mcu.IP3=SYS
VP_SYS_VS_Systick.Signal=SYS_VS_Systick
Mcu.IP0=ADC1
Mcu.IP1=NVIC
ProjectManager.HeapSize=0x200
NVIC.HardFault_IRQn=true\:0\:0\:false\:false\:true\:false\:false
Mcu.UserConstants=
ProjectManager.TargetToolchain=Makefile
ProjectManager.ComputerToolchain=false
SH.ADCx_IN5.0=ADC1_IN5,IN5
Mcu.ThirdPartyNb=0
NVIC.PriorityGroup=NVIC_PRIORITYGROUP_4
ADC1.NbrOfConversionFlag=1
ADC1.Channel-3\#ChannelRegularConversion=ADC_CHANNEL_5
Mcu.IPNb=4
ProjectManager.PreviousToolchain=
NVIC.BusFault_IRQn=true\:0\:0\:false\:false\:true\:false\:false
SH.ADCx_IN5.ConfNb=1
ProjectManager.RegisterCallBack=
PC0.GPIO_PuPd=GPIO_PULLUP
RCC.APB1Freq_Value=8000000
Mcu.Pin0=PC0
Mcu.Pin1=PA5
GPIO.groupedBy=
Mcu.Pin2=VP_SYS_VS_ND
ProjectManager.CustomerFirmwarePackage=
PC0.PinState=GPIO_PIN_RESET
PC0.Locked=true
Mcu.Pin3=VP_SYS_VS_Systick
ProjectManager.DeviceId=STM32F103R6Tx
ProjectManager.LibraryCopy=1
PA5.Signal=ADCx_IN5
ProjectManager.ProjectBuild=false
NVIC.UsageFault_IRQn=true\:0\:0\:false\:false\:true\:false\:false
NVIC.DebugMonitor_IRQn=true\:0\:0\:false\:false\:true\:false\:false
board=custom
