#MicroXplorer Configuration settings - do not modify
Mcu.Family=STM32F1
ProjectManager.MainLocation=Core/Src
PA6.Mode=Full_Duplex_Master
ProjectManager.ProjectFileName=code.ioc
Dma.USART1_TX.0.MemInc=DMA_MINC_ENABLE
PA7.Mode=Full_Duplex_Master
Dma.USART1_TX.0.PeriphInc=DMA_PINC_DISABLE
ProjectManager.KeepUserCode=true
Mcu.UserName=STM32F103R6Tx
PA10.Mode=Asynchronous
Mcu.PinsNb=8
SPI1.VirtualType=VM_MASTER
ProjectManager.NoMain=false
SPI1.IPParameters=VirtualType,Mode,Direction,CalculateBaudRate,BaudRatePrescaler
USART1.BaudRate=9600
RCC.PLLCLKFreq_Value=8000000
USART1.WordLength=WORDLENGTH_9B
ProjectManager.functionlistsort=1-MX_GPIO_Init-GPIO-false-HAL-true,2-MX_DMA_Init-DMA-false-HAL-true,3-SystemClock_Config-RCC-false-HAL-false,4-MX_SPI1_Init-SPI1-false-HAL-true,5-MX_USART1_UART_Init-USART1-false-HAL-true
ProjectManager.DefaultFWLocation=true
ProjectManager.DeletePrevious=true
USART1.IPParameters=VirtualMode,BaudRate,WordLength
VP_SYS_VS_ND.Mode=No_Debug
PinOutPanel.RotationAngle=0
RCC.FamilyName=M
ProjectManager.StackSize=0x400
Mcu.IP4=SYS
Mcu.IP5=USART1
Mcu.IP2=RCC
NVIC.SVCall_IRQn=true\:0\:0\:false\:false\:true\:false\:false
Mcu.IP3=SPI1
Mcu.IP0=DMA
PA9.Mode=Asynchronous
Dma.USART1_TX.0.Priority=DMA_PRIORITY_LOW
Mcu.IP1=NVIC
PA4.PinState=GPIO_PIN_RESET
Dma.USART1_TX.0.Direction=DMA_MEMORY_TO_PERIPH
Mcu.UserConstants=
ProjectManager.TargetToolchain=Makefile
Mcu.ThirdPartyNb=0
SPI1.Direction=SPI_DIRECTION_2LINES
Mcu.IPNb=6
ProjectManager.PreviousToolchain=
PA9.Signal=USART1_TX
Dma.USART1_TX.0.RequestParameters=Instance,Direction,PeriphInc,MemInc,PeriphDataAlignment,MemDataAlignment,Mode,Priority
SPI1.CalculateBaudRate=4.0 MBits/s
Mcu.Pin6=VP_SYS_VS_ND
Mcu.Pin7=VP_SYS_VS_Systick
ProjectManager.RegisterCallBack=
Mcu.Pin0=PA4
Mcu.Pin1=PA5
GPIO.groupedBy=Group By Peripherals
Mcu.Pin2=PA6
Mcu.Pin3=PA7
Mcu.Pin4=PA9
Mcu.Pin5=PA10
PA5.Signal=SPI1_SCK
ProjectManager.ProjectBuild=false
NVIC.UsageFault_IRQn=true\:0\:0\:false\:false\:true\:false\:false
NVIC.DebugMonitor_IRQn=true\:0\:0\:false\:false\:true\:false\:false
PA4.GPIO_PuPd=GPIO_NOPULL
Dma.USART1_TX.0.Mode=DMA_NORMAL
board=custom
PA4.Locked=true
NVIC.SysTick_IRQn=true\:0\:0\:false\:false\:true\:false\:true
ProjectManager.LastFirmware=true
PA4.GPIO_Speed=GPIO_SPEED_FREQ_HIGH
NVIC.SPI1_IRQn=true\:0\:0\:false\:false\:true\:true\:true
ProjectManager.FirmwarePackage=STM32Cube FW_F1 V1.8.4
MxDb.Version=DB.6.0.10
RCC.APB2Freq_Value=8000000
ProjectManager.BackupPrevious=false
MxCube.Version=6.1.1
SPI1.Mode=SPI_MODE_MASTER
File.Version=6
VP_SYS_VS_Systick.Mode=SysTick
VP_SYS_VS_ND.Signal=SYS_VS_ND
NVIC.NonMaskableInt_IRQn=true\:0\:0\:false\:false\:true\:false\:false
PA4.GPIOParameters=GPIO_Speed,PinState,GPIO_PuPd,GPIO_ModeDefaultOutputPP
NVIC.PendSV_IRQn=true\:0\:0\:false\:false\:true\:false\:false
ProjectManager.FreePins=false
Dma.USART1_TX.0.PeriphDataAlignment=DMA_PDATAALIGN_BYTE
RCC.IPParameters=APB1Freq_Value,APB2Freq_Value,FamilyName,PLLCLKFreq_Value,PLLMCOFreq_Value,TimSysFreq_Value
ProjectManager.AskForMigrate=true
Mcu.Name=STM32F103R(4-6)Tx
Dma.RequestsNb=1
ProjectManager.HalAssertFull=false
ProjectManager.ProjectName=code
ProjectManager.UnderRoot=false
RCC.PLLMCOFreq_Value=4000000
ProjectManager.CoupleFile=true
PA4.Signal=GPIO_Output
Mcu.Package=LQFP64
PA6.Signal=SPI1_MISO
RCC.TimSysFreq_Value=8000000
NVIC.ForceEnableDMAVector=true
KeepUserPlacement=false
NVIC.MemoryManagement_IRQn=true\:0\:0\:false\:false\:true\:false\:false
USART1.VirtualMode=VM_ASYNC
ProjectManager.CompilerOptimize=6
ProjectManager.ToolChainLocation=
VP_SYS_VS_Systick.Signal=SYS_VS_Systick
Dma.USART1_TX.0.MemDataAlignment=DMA_MDATAALIGN_BYTE
PA10.Signal=USART1_RX
ProjectManager.HeapSize=0x200
Dma.USART1_TX.0.Instance=DMA1_Channel4
NVIC.HardFault_IRQn=true\:0\:0\:false\:false\:true\:false\:false
PA4.GPIO_ModeDefaultOutputPP=GPIO_MODE_OUTPUT_PP
ProjectManager.ComputerToolchain=false
NVIC.PriorityGroup=NVIC_PRIORITYGROUP_4
NVIC.BusFault_IRQn=true\:0\:0\:false\:false\:true\:false\:false
NVIC.DMA1_Channel4_IRQn=true\:0\:0\:false\:false\:true\:false\:true
NVIC.USART1_IRQn=true\:0\:0\:false\:false\:true\:true\:true
Dma.Request0=USART1_TX
RCC.APB1Freq_Value=8000000
SPI1.BaudRatePrescaler=SPI_BAUDRATEPRESCALER_2
ProjectManager.CustomerFirmwarePackage=
ProjectManager.DeviceId=STM32F103R6Tx
ProjectManager.LibraryCopy=1
PA5.Mode=Full_Duplex_Master
PA7.Signal=SPI1_MOSI
